
Microsoft Visual Studio Solution File, Format Version 12.00
# Visual Studio 15
VisualStudioVersion = 15.0.26730.12
MinimumVisualStudioVersion = 10.0.40219.1
Project("{2150E333-8FDC-42A3-9474-1A3956D46DE8}") = "UI", "UI", "{12173D3F-6EA2-4349-A5AE-DBB6FC752835}"
EndProject
Project("{2150E333-8FDC-42A3-9474-1A3956D46DE8}") = "BLL", "BLL", "{3F779D89-2377-4CD0-A950-6A5C366529B7}"
EndProject
Project("{2150E333-8FDC-42A3-9474-1A3956D46DE8}") = "DAL", "DAL", "{1BA596B5-374E-4420-8795-5BE83BDFDA83}"
EndProject
Project("{2150E333-8FDC-42A3-9474-1A3956D46DE8}") = "Model", "Model", "{0337F449-3744-4C71-8CF1-313BA87A9A34}"
EndProject
Project("{FAE04EC0-301F-11D3-BF4B-00C04F79EFBC}") = "YTcms.Dapper.Model", "YTcms.Dapper.Model\YTcms.Dapper.Model.csproj", "{316E1F31-9C24-41B2-A35A-703999002BEC}"
EndProject
Project("{FAE04EC0-301F-11D3-BF4B-00C04F79EFBC}") = "YTcms.IDAL", "YTcms.IDAL\YTcms.IDAL.csproj", "{911AA057-37AB-441C-9CD4-14240F41B045}"
EndProject
Project("{FAE04EC0-301F-11D3-BF4B-00C04F79EFBC}") = "YTcms.DAL", "YTcms.DAL\YTcms.DAL.csproj", "{6FF6155E-2427-4240-A815-C5E1CCA4A5F2}"
EndProject
Project("{FAE04EC0-301F-11D3-BF4B-00C04F79EFBC}") = "YTcms.DALContainer", "YTcms.DALContainer\YTcms.DALContainer.csproj", "{C35C5016-28D0-498C-A9FA-98B6C1EFF7B4}"
EndProject
Project("{FAE04EC0-301F-11D3-BF4B-00C04F79EFBC}") = "YTcms.IBLL", "YTcms.IBLL\YTcms.IBLL.csproj", "{663821F8-4131-49E3-9D3D-724D59D269D8}"
EndProject
Project("{FAE04EC0-301F-11D3-BF4B-00C04F79EFBC}") = "YTcms.BLL", "YTcms.BLL\YTcms.BLL.csproj", "{59A7282D-CDFE-477C-8D76-1D1ED475183B}"
EndProject
Project("{FAE04EC0-301F-11D3-BF4B-00C04F79EFBC}") = "YTcms.BLLContainer", "YTcms.BLLContainer\YTcms.BLLContainer.csproj", "{14B9865F-3D3B-4936-BE2A-1FA0CFFC1C83}"
EndProject
Project("{FAE04EC0-301F-11D3-BF4B-00C04F79EFBC}") = "YTcms.UI.Web", "YTcms.UI.Web\YTcms.UI.Web.csproj", "{0A13DFC0-9EE9-4456-9F1E-08C6A302A86A}"
EndProject
Project("{FAE04EC0-301F-11D3-BF4B-00C04F79EFBC}") = "YTcms.EF.Model", "YTcms.EF.Model\YTcms.EF.Model.csproj", "{2A75559D-9A48-4548-9561-D5EAAE0F57BC}"
EndProject
Project("{FAE04EC0-301F-11D3-BF4B-00C04F79EFBC}") = "YTcms.Dapper.DAL", "YTcms.Dapper.DAL\YTcms.Dapper.DAL.csproj", "{6153E24C-6A94-47CF-BCCC-1AE7EEA8142D}"
EndProject
Project("{2150E333-8FDC-42A3-9474-1A3956D46DE8}") = "DBUtility", "DBUtility", "{9D14FD85-4331-40DB-A8F5-C1476814D16E}"
EndProject
Project("{FAE04EC0-301F-11D3-BF4B-00C04F79EFBC}") = "YTcms.DBUtility", "YTcms.DBUtility\YTcms.DBUtility.csproj", "{29C2057D-50BB-4D31-8859-95E03251C70B}"
EndProject
Project("{FAE04EC0-301F-11D3-BF4B-00C04F79EFBC}") = "YTcms.Common", "YTcms.Common\YTcms.Common.csproj", "{D3BE9402-E02A-4CDE-B3B9-EF62F0AF2D09}"
EndProject
Global
	GlobalSection(SolutionConfigurationPlatforms) = preSolution
		Debug|Any CPU = Debug|Any CPU
		Release|Any CPU = Release|Any CPU
	EndGlobalSection
	GlobalSection(ProjectConfigurationPlatforms) = postSolution
		{316E1F31-9C24-41B2-A35A-703999002BEC}.Debug|Any CPU.ActiveCfg = Debug|Any CPU
		{316E1F31-9C24-41B2-A35A-703999002BEC}.Debug|Any CPU.Build.0 = Debug|Any CPU
		{316E1F31-9C24-41B2-A35A-703999002BEC}.Release|Any CPU.ActiveCfg = Release|Any CPU
		{316E1F31-9C24-41B2-A35A-703999002BEC}.Release|Any CPU.Build.0 = Release|Any CPU
		{911AA057-37AB-441C-9CD4-14240F41B045}.Debug|Any CPU.ActiveCfg = Debug|Any CPU
		{911AA057-37AB-441C-9CD4-14240F41B045}.Debug|Any CPU.Build.0 = Debug|Any CPU
		{911AA057-37AB-441C-9CD4-14240F41B045}.Release|Any CPU.ActiveCfg = Release|Any CPU
		{911AA057-37AB-441C-9CD4-14240F41B045}.Release|Any CPU.Build.0 = Release|Any CPU
		{6FF6155E-2427-4240-A815-C5E1CCA4A5F2}.Debug|Any CPU.ActiveCfg = Debug|Any CPU
		{6FF6155E-2427-4240-A815-C5E1CCA4A5F2}.Debug|Any CPU.Build.0 = Debug|Any CPU
		{6FF6155E-2427-4240-A815-C5E1CCA4A5F2}.Release|Any CPU.ActiveCfg = Release|Any CPU
		{6FF6155E-2427-4240-A815-C5E1CCA4A5F2}.Release|Any CPU.Build.0 = Release|Any CPU
		{C35C5016-28D0-498C-A9FA-98B6C1EFF7B4}.Debug|Any CPU.ActiveCfg = Debug|Any CPU
		{C35C5016-28D0-498C-A9FA-98B6C1EFF7B4}.Debug|Any CPU.Build.0 = Debug|Any CPU
		{C35C5016-28D0-498C-A9FA-98B6C1EFF7B4}.Release|Any CPU.ActiveCfg = Release|Any CPU
		{C35C5016-28D0-498C-A9FA-98B6C1EFF7B4}.Release|Any CPU.Build.0 = Release|Any CPU
		{663821F8-4131-49E3-9D3D-724D59D269D8}.Debug|Any CPU.ActiveCfg = Debug|Any CPU
		{663821F8-4131-49E3-9D3D-724D59D269D8}.Debug|Any CPU.Build.0 = Debug|Any CPU
		{663821F8-4131-49E3-9D3D-724D59D269D8}.Release|Any CPU.ActiveCfg = Release|Any CPU
		{663821F8-4131-49E3-9D3D-724D59D269D8}.Release|Any CPU.Build.0 = Release|Any CPU
		{59A7282D-CDFE-477C-8D76-1D1ED475183B}.Debug|Any CPU.ActiveCfg = Debug|Any CPU
		{59A7282D-CDFE-477C-8D76-1D1ED475183B}.Debug|Any CPU.Build.0 = Debug|Any CPU
		{59A7282D-CDFE-477C-8D76-1D1ED475183B}.Release|Any CPU.ActiveCfg = Release|Any CPU
		{59A7282D-CDFE-477C-8D76-1D1ED475183B}.Release|Any CPU.Build.0 = Release|Any CPU
		{14B9865F-3D3B-4936-BE2A-1FA0CFFC1C83}.Debug|Any CPU.ActiveCfg = Debug|Any CPU
		{14B9865F-3D3B-4936-BE2A-1FA0CFFC1C83}.Debug|Any CPU.Build.0 = Debug|Any CPU
		{14B9865F-3D3B-4936-BE2A-1FA0CFFC1C83}.Release|Any CPU.ActiveCfg = Release|Any CPU
		{14B9865F-3D3B-4936-BE2A-1FA0CFFC1C83}.Release|Any CPU.Build.0 = Release|Any CPU
		{0A13DFC0-9EE9-4456-9F1E-08C6A302A86A}.Debug|Any CPU.ActiveCfg = Debug|Any CPU
		{0A13DFC0-9EE9-4456-9F1E-08C6A302A86A}.Debug|Any CPU.Build.0 = Debug|Any CPU
		{0A13DFC0-9EE9-4456-9F1E-08C6A302A86A}.Release|Any CPU.ActiveCfg = Release|Any CPU
		{0A13DFC0-9EE9-4456-9F1E-08C6A302A86A}.Release|Any CPU.Build.0 = Release|Any CPU
		{2A75559D-9A48-4548-9561-D5EAAE0F57BC}.Debug|Any CPU.ActiveCfg = Debug|Any CPU
		{2A75559D-9A48-4548-9561-D5EAAE0F57BC}.Debug|Any CPU.Build.0 = Debug|Any CPU
		{2A75559D-9A48-4548-9561-D5EAAE0F57BC}.Release|Any CPU.ActiveCfg = Release|Any CPU
		{2A75559D-9A48-4548-9561-D5EAAE0F57BC}.Release|Any CPU.Build.0 = Release|Any CPU
		{6153E24C-6A94-47CF-BCCC-1AE7EEA8142D}.Debug|Any CPU.ActiveCfg = Debug|Any CPU
		{6153E24C-6A94-47CF-BCCC-1AE7EEA8142D}.Debug|Any CPU.Build.0 = Debug|Any CPU
		{6153E24C-6A94-47CF-BCCC-1AE7EEA8142D}.Release|Any CPU.ActiveCfg = Release|Any CPU
		{6153E24C-6A94-47CF-BCCC-1AE7EEA8142D}.Release|Any CPU.Build.0 = Release|Any CPU
		{29C2057D-50BB-4D31-8859-95E03251C70B}.Debug|Any CPU.ActiveCfg = Debug|Any CPU
		{29C2057D-50BB-4D31-8859-95E03251C70B}.Debug|Any CPU.Build.0 = Debug|Any CPU
		{29C2057D-50BB-4D31-8859-95E03251C70B}.Release|Any CPU.ActiveCfg = Release|Any CPU
		{29C2057D-50BB-4D31-8859-95E03251C70B}.Release|Any CPU.Build.0 = Release|Any CPU
		{D3BE9402-E02A-4CDE-B3B9-EF62F0AF2D09}.Debug|Any CPU.ActiveCfg = Debug|Any CPU
		{D3BE9402-E02A-4CDE-B3B9-EF62F0AF2D09}.Debug|Any CPU.Build.0 = Debug|Any CPU
		{D3BE9402-E02A-4CDE-B3B9-EF62F0AF2D09}.Release|Any CPU.ActiveCfg = Release|Any CPU
		{D3BE9402-E02A-4CDE-B3B9-EF62F0AF2D09}.Release|Any CPU.Build.0 = Release|Any CPU
	EndGlobalSection
	GlobalSection(SolutionProperties) = preSolution
		HideSolutionNode = FALSE
	EndGlobalSection
	GlobalSection(NestedProjects) = preSolution
		{316E1F31-9C24-41B2-A35A-703999002BEC} = {0337F449-3744-4C71-8CF1-313BA87A9A34}
		{911AA057-37AB-441C-9CD4-14240F41B045} = {1BA596B5-374E-4420-8795-5BE83BDFDA83}
		{6FF6155E-2427-4240-A815-C5E1CCA4A5F2} = {1BA596B5-374E-4420-8795-5BE83BDFDA83}
		{C35C5016-28D0-498C-A9FA-98B6C1EFF7B4} = {1BA596B5-374E-4420-8795-5BE83BDFDA83}
		{663821F8-4131-49E3-9D3D-724D59D269D8} = {3F779D89-2377-4CD0-A950-6A5C366529B7}
		{59A7282D-CDFE-477C-8D76-1D1ED475183B} = {3F779D89-2377-4CD0-A950-6A5C366529B7}
		{14B9865F-3D3B-4936-BE2A-1FA0CFFC1C83} = {3F779D89-2377-4CD0-A950-6A5C366529B7}
		{0A13DFC0-9EE9-4456-9F1E-08C6A302A86A} = {12173D3F-6EA2-4349-A5AE-DBB6FC752835}
		{2A75559D-9A48-4548-9561-D5EAAE0F57BC} = {0337F449-3744-4C71-8CF1-313BA87A9A34}
		{6153E24C-6A94-47CF-BCCC-1AE7EEA8142D} = {1BA596B5-374E-4420-8795-5BE83BDFDA83}
		{29C2057D-50BB-4D31-8859-95E03251C70B} = {9D14FD85-4331-40DB-A8F5-C1476814D16E}
		{D3BE9402-E02A-4CDE-B3B9-EF62F0AF2D09} = {9D14FD85-4331-40DB-A8F5-C1476814D16E}
	EndGlobalSection
	GlobalSection(ExtensibilityGlobals) = postSolution
		SolutionGuid = {17ABD53F-3C94-45D1-A55D-69AA476106FB}
	EndGlobalSection
EndGlobal
